
Microsoft Visual Studio Solution File, Format Version 12.00
# Visual Studio Version 17
VisualStudioVersion = 17.8.34316.72
MinimumVisualStudioVersion = 10.0.40219.1
Project("{2150E333-8FDC-42A3-9474-1A3956D46DE8}") = "Services", "Services", "{08AE0362-AFE8-4A67-8BC8-72BE24B2A737}"
EndProject
Project("{2150E333-8FDC-42A3-9474-1A3956D46DE8}") = "Catalog", "Catalog", "{42FF1F00-B0B1-467E-A2ED-336C15B8F0A8}"
EndProject
Project("{9A19103F-16F7-4668-BE54-9A1E7A4F7556}") = "CatalogAPI", "Services\Catalog\CatalogAPI\CatalogAPI.csproj", "{F3A0C3E6-29A3-42D8-9155-F359CF53E960}"
EndProject
Project("{2150E333-8FDC-42A3-9474-1A3956D46DE8}") = "BuildingBlocks", "BuildingBlocks", "{D08F5581-9EED-480A-B683-808139DF921D}"
EndProject
Project("{9A19103F-16F7-4668-BE54-9A1E7A4F7556}") = "BuildingBlocks", "BuildingBlocks\BuildingBlocks\BuildingBlocks\BuildingBlocks.csproj", "{3B0C3E60-9D80-4A8A-A750-D0A52E68A6CD}"
EndProject
Project("{E53339B2-1760-4266-BCC7-CA923CBCF16C}") = "docker-compose", "docker-compose.dcproj", "{F3D58E6A-C297-4B35-AB87-65427CEFF53E}"
EndProject
Project("{2150E333-8FDC-42A3-9474-1A3956D46DE8}") = "Basket", "Basket", "{5654D456-882F-4B9B-A022-BA5C27102E64}"
EndProject
Project("{9A19103F-16F7-4668-BE54-9A1E7A4F7556}") = "Basket.API", "Services\Basket\Basket.API\Basket.API.csproj", "{B20943E6-9A34-4FCD-9204-887382887F55}"
EndProject
Project("{2150E333-8FDC-42A3-9474-1A3956D46DE8}") = "Discount", "Discount", "{C9E0489C-F647-4E96-8F97-BF012E68236A}"
EndProject
Project("{9A19103F-16F7-4668-BE54-9A1E7A4F7556}") = "Discount.gRPC", "Services\Discount\Discount.gRPC\Discount.gRPC.csproj", "{747680BE-6915-403E-85D0-11273EA76B94}"
EndProject
Project("{2150E333-8FDC-42A3-9474-1A3956D46DE8}") = "Order", "Order", "{E912827B-0FB5-4030-B923-26E477A5444B}"
EndProject
Project("{9A19103F-16F7-4668-BE54-9A1E7A4F7556}") = "Order.API", "Services\Order\Order.API\Order.API.csproj", "{4E663A96-6336-4864-A4EA-3B59260B8BDB}"
EndProject
Project("{9A19103F-16F7-4668-BE54-9A1E7A4F7556}") = "Order.Domain", "Services\Order\Order.Domain\Order.Domain.csproj", "{59995E87-2A69-4997-85C9-BDB059BD70A0}"
EndProject
Project("{9A19103F-16F7-4668-BE54-9A1E7A4F7556}") = "Order.Application", "Services\Order\Order.Application\Order.Application.csproj", "{F9CB511D-6C59-4D52-9F29-16F1F12339E0}"
EndProject
Project("{9A19103F-16F7-4668-BE54-9A1E7A4F7556}") = "Order.Infra", "Services\Order\Order.Infra\Order.Infra.csproj", "{A1109E48-AAF7-4DA1-9994-004112AA35F9}"
EndProject
Project("{FAE04EC0-301F-11D3-BF4B-00C04F79EFBC}") = "BuildingBlocks.Messaging", "BuildingBlocks\BuildingBlocks.Messaging\BuildingBlocks.Messaging.csproj", "{6CE61401-30CA-4FF6-93EF-5BA0E3156EFE}"
EndProject
Global
	GlobalSection(SolutionConfigurationPlatforms) = preSolution
		Debug|Any CPU = Debug|Any CPU
		Release|Any CPU = Release|Any CPU
	EndGlobalSection
	GlobalSection(ProjectConfigurationPlatforms) = postSolution
		{F3A0C3E6-29A3-42D8-9155-F359CF53E960}.Debug|Any CPU.ActiveCfg = Debug|Any CPU
		{F3A0C3E6-29A3-42D8-9155-F359CF53E960}.Debug|Any CPU.Build.0 = Debug|Any CPU
		{F3A0C3E6-29A3-42D8-9155-F359CF53E960}.Release|Any CPU.ActiveCfg = Release|Any CPU
		{F3A0C3E6-29A3-42D8-9155-F359CF53E960}.Release|Any CPU.Build.0 = Release|Any CPU
		{3B0C3E60-9D80-4A8A-A750-D0A52E68A6CD}.Debug|Any CPU.ActiveCfg = Debug|Any CPU
		{3B0C3E60-9D80-4A8A-A750-D0A52E68A6CD}.Debug|Any CPU.Build.0 = Debug|Any CPU
		{3B0C3E60-9D80-4A8A-A750-D0A52E68A6CD}.Release|Any CPU.ActiveCfg = Release|Any CPU
		{3B0C3E60-9D80-4A8A-A750-D0A52E68A6CD}.Release|Any CPU.Build.0 = Release|Any CPU
		{F3D58E6A-C297-4B35-AB87-65427CEFF53E}.Debug|Any CPU.ActiveCfg = Debug|Any CPU
		{F3D58E6A-C297-4B35-AB87-65427CEFF53E}.Debug|Any CPU.Build.0 = Debug|Any CPU
		{F3D58E6A-C297-4B35-AB87-65427CEFF53E}.Release|Any CPU.ActiveCfg = Release|Any CPU
		{F3D58E6A-C297-4B35-AB87-65427CEFF53E}.Release|Any CPU.Build.0 = Release|Any CPU
		{B20943E6-9A34-4FCD-9204-887382887F55}.Debug|Any CPU.ActiveCfg = Debug|Any CPU
		{B20943E6-9A34-4FCD-9204-887382887F55}.Debug|Any CPU.Build.0 = Debug|Any CPU
		{B20943E6-9A34-4FCD-9204-887382887F55}.Release|Any CPU.ActiveCfg = Release|Any CPU
		{B20943E6-9A34-4FCD-9204-887382887F55}.Release|Any CPU.Build.0 = Release|Any CPU
		{747680BE-6915-403E-85D0-11273EA76B94}.Debug|Any CPU.ActiveCfg = Debug|Any CPU
		{747680BE-6915-403E-85D0-11273EA76B94}.Debug|Any CPU.Build.0 = Debug|Any CPU
		{747680BE-6915-403E-85D0-11273EA76B94}.Release|Any CPU.ActiveCfg = Release|Any CPU
		{747680BE-6915-403E-85D0-11273EA76B94}.Release|Any CPU.Build.0 = Release|Any CPU
		{4E663A96-6336-4864-A4EA-3B59260B8BDB}.Debug|Any CPU.ActiveCfg = Debug|Any CPU
		{4E663A96-6336-4864-A4EA-3B59260B8BDB}.Debug|Any CPU.Build.0 = Debug|Any CPU
		{4E663A96-6336-4864-A4EA-3B59260B8BDB}.Release|Any CPU.ActiveCfg = Release|Any CPU
		{4E663A96-6336-4864-A4EA-3B59260B8BDB}.Release|Any CPU.Build.0 = Release|Any CPU
		{59995E87-2A69-4997-85C9-BDB059BD70A0}.Debug|Any CPU.ActiveCfg = Debug|Any CPU
		{59995E87-2A69-4997-85C9-BDB059BD70A0}.Debug|Any CPU.Build.0 = Debug|Any CPU
		{59995E87-2A69-4997-85C9-BDB059BD70A0}.Release|Any CPU.ActiveCfg = Release|Any CPU
		{59995E87-2A69-4997-85C9-BDB059BD70A0}.Release|Any CPU.Build.0 = Release|Any CPU
		{F9CB511D-6C59-4D52-9F29-16F1F12339E0}.Debug|Any CPU.ActiveCfg = Debug|Any CPU
		{F9CB511D-6C59-4D52-9F29-16F1F12339E0}.Debug|Any CPU.Build.0 = Debug|Any CPU
		{F9CB511D-6C59-4D52-9F29-16F1F12339E0}.Release|Any CPU.ActiveCfg = Release|Any CPU
		{F9CB511D-6C59-4D52-9F29-16F1F12339E0}.Release|Any CPU.Build.0 = Release|Any CPU
		{A1109E48-AAF7-4DA1-9994-004112AA35F9}.Debug|Any CPU.ActiveCfg = Debug|Any CPU
		{A1109E48-AAF7-4DA1-9994-004112AA35F9}.Debug|Any CPU.Build.0 = Debug|Any CPU
		{A1109E48-AAF7-4DA1-9994-004112AA35F9}.Release|Any CPU.ActiveCfg = Release|Any CPU
		{A1109E48-AAF7-4DA1-9994-004112AA35F9}.Release|Any CPU.Build.0 = Release|Any CPU
		{6CE61401-30CA-4FF6-93EF-5BA0E3156EFE}.Debug|Any CPU.ActiveCfg = Debug|Any CPU
		{6CE61401-30CA-4FF6-93EF-5BA0E3156EFE}.Debug|Any CPU.Build.0 = Debug|Any CPU
		{6CE61401-30CA-4FF6-93EF-5BA0E3156EFE}.Release|Any CPU.ActiveCfg = Release|Any CPU
		{6CE61401-30CA-4FF6-93EF-5BA0E3156EFE}.Release|Any CPU.Build.0 = Release|Any CPU
	EndGlobalSection
	GlobalSection(SolutionProperties) = preSolution
		HideSolutionNode = FALSE
	EndGlobalSection
	GlobalSection(NestedProjects) = preSolution
		{42FF1F00-B0B1-467E-A2ED-336C15B8F0A8} = {08AE0362-AFE8-4A67-8BC8-72BE24B2A737}
		{F3A0C3E6-29A3-42D8-9155-F359CF53E960} = {42FF1F00-B0B1-467E-A2ED-336C15B8F0A8}
		{3B0C3E60-9D80-4A8A-A750-D0A52E68A6CD} = {D08F5581-9EED-480A-B683-808139DF921D}
		{5654D456-882F-4B9B-A022-BA5C27102E64} = {08AE0362-AFE8-4A67-8BC8-72BE24B2A737}
		{B20943E6-9A34-4FCD-9204-887382887F55} = {5654D456-882F-4B9B-A022-BA5C27102E64}
		{C9E0489C-F647-4E96-8F97-BF012E68236A} = {08AE0362-AFE8-4A67-8BC8-72BE24B2A737}
		{747680BE-6915-403E-85D0-11273EA76B94} = {C9E0489C-F647-4E96-8F97-BF012E68236A}
		{E912827B-0FB5-4030-B923-26E477A5444B} = {08AE0362-AFE8-4A67-8BC8-72BE24B2A737}
		{4E663A96-6336-4864-A4EA-3B59260B8BDB} = {E912827B-0FB5-4030-B923-26E477A5444B}
		{59995E87-2A69-4997-85C9-BDB059BD70A0} = {E912827B-0FB5-4030-B923-26E477A5444B}
		{F9CB511D-6C59-4D52-9F29-16F1F12339E0} = {E912827B-0FB5-4030-B923-26E477A5444B}
		{A1109E48-AAF7-4DA1-9994-004112AA35F9} = {E912827B-0FB5-4030-B923-26E477A5444B}
		{6CE61401-30CA-4FF6-93EF-5BA0E3156EFE} = {D08F5581-9EED-480A-B683-808139DF921D}
	EndGlobalSection
	GlobalSection(ExtensibilityGlobals) = postSolution
		SolutionGuid = {5FA30AE7-8F4C-4AD5-B236-F1AB1E719287}
	EndGlobalSection
EndGlobal
