
Microsoft Visual Studio Solution File, Format Version 12.00
# Visual Studio Version 17
VisualStudioVersion = 17.8.34316.72
MinimumVisualStudioVersion = 10.0.40219.1
Project("{2150E333-8FDC-42A3-9474-1A3956D46DE8}") = "Services", "Services", "{08AE0362-AFE8-4A67-8BC8-72BE24B2A737}"
EndProject
Project("{2150E333-8FDC-42A3-9474-1A3956D46DE8}") = "Catalog", "Catalog", "{42FF1F00-B0B1-467E-A2ED-336C15B8F0A8}"
EndProject
Project("{9A19103F-16F7-4668-BE54-9A1E7A4F7556}") = "CatalogAPI", "Services\Catalog\CatalogAPI\CatalogAPI.csproj", "{F3A0C3E6-29A3-42D8-9155-F359CF53E960}"
EndProject
Project("{2150E333-8FDC-42A3-9474-1A3956D46DE8}") = "BuildingBlocks", "BuildingBlocks", "{D08F5581-9EED-480A-B683-808139DF921D}"
EndProject
Project("{9A19103F-16F7-4668-BE54-9A1E7A4F7556}") = "BuildingBlocks", "BuildingBlocks\BuildingBlocks\BuildingBlocks\BuildingBlocks.csproj", "{3B0C3E60-9D80-4A8A-A750-D0A52E68A6CD}"
EndProject
Project("{E53339B2-1760-4266-BCC7-CA923CBCF16C}") = "docker-compose", "docker-compose.dcproj", "{66F72FB2-5EEF-4294-877A-F352539A644C}"
EndProject
Global
	GlobalSection(SolutionConfigurationPlatforms) = preSolution
		Debug|Any CPU = Debug|Any CPU
		Release|Any CPU = Release|Any CPU
	EndGlobalSection
	GlobalSection(ProjectConfigurationPlatforms) = postSolution
		{F3A0C3E6-29A3-42D8-9155-F359CF53E960}.Debug|Any CPU.ActiveCfg = Debug|Any CPU
		{F3A0C3E6-29A3-42D8-9155-F359CF53E960}.Debug|Any CPU.Build.0 = Debug|Any CPU
		{F3A0C3E6-29A3-42D8-9155-F359CF53E960}.Release|Any CPU.ActiveCfg = Release|Any CPU
		{F3A0C3E6-29A3-42D8-9155-F359CF53E960}.Release|Any CPU.Build.0 = Release|Any CPU
		{3B0C3E60-9D80-4A8A-A750-D0A52E68A6CD}.Debug|Any CPU.ActiveCfg = Debug|Any CPU
		{3B0C3E60-9D80-4A8A-A750-D0A52E68A6CD}.Debug|Any CPU.Build.0 = Debug|Any CPU
		{3B0C3E60-9D80-4A8A-A750-D0A52E68A6CD}.Release|Any CPU.ActiveCfg = Release|Any CPU
		{3B0C3E60-9D80-4A8A-A750-D0A52E68A6CD}.Release|Any CPU.Build.0 = Release|Any CPU
		{66F72FB2-5EEF-4294-877A-F352539A644C}.Debug|Any CPU.ActiveCfg = Debug|Any CPU
		{66F72FB2-5EEF-4294-877A-F352539A644C}.Debug|Any CPU.Build.0 = Debug|Any CPU
		{66F72FB2-5EEF-4294-877A-F352539A644C}.Release|Any CPU.ActiveCfg = Release|Any CPU
		{66F72FB2-5EEF-4294-877A-F352539A644C}.Release|Any CPU.Build.0 = Release|Any CPU
	EndGlobalSection
	GlobalSection(SolutionProperties) = preSolution
		HideSolutionNode = FALSE
	EndGlobalSection
	GlobalSection(NestedProjects) = preSolution
		{42FF1F00-B0B1-467E-A2ED-336C15B8F0A8} = {08AE0362-AFE8-4A67-8BC8-72BE24B2A737}
		{F3A0C3E6-29A3-42D8-9155-F359CF53E960} = {42FF1F00-B0B1-467E-A2ED-336C15B8F0A8}
		{3B0C3E60-9D80-4A8A-A750-D0A52E68A6CD} = {D08F5581-9EED-480A-B683-808139DF921D}
	EndGlobalSection
	GlobalSection(ExtensibilityGlobals) = postSolution
		SolutionGuid = {5FA30AE7-8F4C-4AD5-B236-F1AB1E719287}
	EndGlobalSection
EndGlobal
